// !$*UTF8*$!
{
	archiveVersion = 1;
	classes = {
	};
	objectVersion = 56;
	objects = {

/* Begin PBXBuildFile section */
		AA000000000000000000BF1D /* Sparkle in Frameworks */ = {isa = PBXBuildFile; productRef = AA000000000000000000PK02 /* Sparkle */; };
		AA000000000000000000BF1E /* AppUpdater.swift in Sources */ = {isa = PBXBuildFile; fileRef = AA000000000000000000FR1F /* AppUpdater.swift */; };
		AA000000000000000000BF01 /* TahoeApp.swift in Sources */ = {isa = PBXBuildFile; fileRef = AA000000000000000000FR02 /* TahoeApp.swift */; };
		AA000000000000000000BF02 /* CPUMonitor.swift in Sources */ = {isa = PBXBuildFile; fileRef = AA000000000000000000FR03 /* CPUMonitor.swift */; };
		AA000000000000000000BF03 /* GPUMonitor.swift in Sources */ = {isa = PBXBuildFile; fileRef = AA000000000000000000FR04 /* GPUMonitor.swift */; };
		AA000000000000000000BF04 /* MemoryMonitor.swift in Sources */ = {isa = PBXBuildFile; fileRef = AA000000000000000000FR05 /* MemoryMonitor.swift */; };
		AA000000000000000000BF05 /* PowerMonitor.swift in Sources */ = {isa = PBXBuildFile; fileRef = AA000000000000000000FR06 /* PowerMonitor.swift */; };
		AA000000000000000000BF06 /* ProcessMonitor.swift in Sources */ = {isa = PBXBuildFile; fileRef = AA000000000000000000FR07 /* ProcessMonitor.swift */; };
		AA000000000000000000BF07 /* NetworkMonitor.swift in Sources */ = {isa = PBXBuildFile; fileRef = AA000000000000000000FR08 /* NetworkMonitor.swift */; };
		AA000000000000000000BF08 /* SystemMonitor.swift in Sources */ = {isa = PBXBuildFile; fileRef = AA000000000000000000FR09 /* SystemMonitor.swift */; };
		AA000000000000000000BF09 /* TahoeTokens.swift in Sources */ = {isa = PBXBuildFile; fileRef = AA000000000000000000FR0A /* TahoeTokens.swift */; };
		AA000000000000000000BF0A /* DashboardView.swift in Sources */ = {isa = PBXBuildFile; fileRef = AA000000000000000000FR0B /* DashboardView.swift */; };
		AA000000000000000000BF0B /* HeroCardView.swift in Sources */ = {isa = PBXBuildFile; fileRef = AA000000000000000000FR0C /* HeroCardView.swift */; };
		AA000000000000000000BF0C /* CoreBarsView.swift in Sources */ = {isa = PBXBuildFile; fileRef = AA000000000000000000FR0D /* CoreBarsView.swift */; };
		AA000000000000000000BF0D /* MemoryBreakdownView.swift in Sources */ = {isa = PBXBuildFile; fileRef = AA000000000000000000FR0E /* MemoryBreakdownView.swift */; };
		AA000000000000000000BF0E /* ProcessListView.swift in Sources */ = {isa = PBXBuildFile; fileRef = AA000000000000000000FR0F /* ProcessListView.swift */; };
		AA000000000000000000BF0F /* SparklineView.swift in Sources */ = {isa = PBXBuildFile; fileRef = AA000000000000000000FR10 /* SparklineView.swift */; };
		AA000000000000000000BF10 /* MenuBarView.swift in Sources */ = {isa = PBXBuildFile; fileRef = AA000000000000000000FR11 /* MenuBarView.swift */; };
		AA000000000000000000BF11 /* Assets.xcassets in Resources */ = {isa = PBXBuildFile; fileRef = AA000000000000000000FR12 /* Assets.xcassets */; };
		AA000000000000000000BF12 /* WindowChrome.swift in Sources */ = {isa = PBXBuildFile; fileRef = AA000000000000000000FR14 /* WindowChrome.swift */; };
		AA000000000000000000BF13 /* SystemInfo.swift in Sources */ = {isa = PBXBuildFile; fileRef = AA000000000000000000FR15 /* SystemInfo.swift */; };
		AA000000000000000000BF14 /* SettingsView.swift in Sources */ = {isa = PBXBuildFile; fileRef = AA000000000000000000FR16 /* SettingsView.swift */; };
		AA000000000000000000BF15 /* DiskMonitor.swift in Sources */ = {isa = PBXBuildFile; fileRef = AA000000000000000000FR17 /* DiskMonitor.swift */; };
		AA000000000000000000BF16 /* SMCMonitor.swift in Sources */ = {isa = PBXBuildFile; fileRef = AA000000000000000000FR18 /* SMCMonitor.swift */; };
		AA000000000000000000BF17 /* AlertMonitor.swift in Sources */ = {isa = PBXBuildFile; fileRef = AA000000000000000000FR19 /* AlertMonitor.swift */; };
		AA000000000000000000BF18 /* NetworkDiskView.swift in Sources */ = {isa = PBXBuildFile; fileRef = AA000000000000000000FR1A /* NetworkDiskView.swift */; };
		AA000000000000000000BF19 /* DetailView.swift in Sources */ = {isa = PBXBuildFile; fileRef = AA000000000000000000FR1B /* DetailView.swift */; };
		AA000000000000000000BF1A /* AppTheme.swift in Sources */ = {isa = PBXBuildFile; fileRef = AA000000000000000000FR1C /* AppTheme.swift */; };
		AA000000000000000000BF1B /* GPUBarsView.swift in Sources */ = {isa = PBXBuildFile; fileRef = AA000000000000000000FR1D /* GPUBarsView.swift */; };
		AA000000000000000000BF1C /* TahoeTooltip.swift in Sources */ = {isa = PBXBuildFile; fileRef = AA000000000000000000FR1E /* TahoeTooltip.swift */; };
/* End PBXBuildFile section */

/* Begin PBXFileReference section */
		AA000000000000000000FR01 /* Aqua.app */ = {isa = PBXFileReference; explicitFileType = wrapper.application; includeInIndex = 0; path = Aqua.app; sourceTree = BUILT_PRODUCTS_DIR; };
		AA000000000000000000FR02 /* TahoeApp.swift */ = {isa = PBXFileReference; lastKnownFileType = sourcecode.swift; path = TahoeApp.swift; sourceTree = "<group>"; };
		AA000000000000000000FR03 /* CPUMonitor.swift */ = {isa = PBXFileReference; lastKnownFileType = sourcecode.swift; path = CPUMonitor.swift; sourceTree = "<group>"; };
		AA000000000000000000FR04 /* GPUMonitor.swift */ = {isa = PBXFileReference; lastKnownFileType = sourcecode.swift; path = GPUMonitor.swift; sourceTree = "<group>"; };
		AA000000000000000000FR05 /* MemoryMonitor.swift */ = {isa = PBXFileReference; lastKnownFileType = sourcecode.swift; path = MemoryMonitor.swift; sourceTree = "<group>"; };
		AA000000000000000000FR06 /* PowerMonitor.swift */ = {isa = PBXFileReference; lastKnownFileType = sourcecode.swift; path = PowerMonitor.swift; sourceTree = "<group>"; };
		AA000000000000000000FR07 /* ProcessMonitor.swift */ = {isa = PBXFileReference; lastKnownFileType = sourcecode.swift; path = ProcessMonitor.swift; sourceTree = "<group>"; };
		AA000000000000000000FR08 /* NetworkMonitor.swift */ = {isa = PBXFileReference; lastKnownFileType = sourcecode.swift; path = NetworkMonitor.swift; sourceTree = "<group>"; };
		AA000000000000000000FR09 /* SystemMonitor.swift */ = {isa = PBXFileReference; lastKnownFileType = sourcecode.swift; path = SystemMonitor.swift; sourceTree = "<group>"; };
		AA000000000000000000FR0A /* TahoeTokens.swift */ = {isa = PBXFileReference; lastKnownFileType = sourcecode.swift; path = TahoeTokens.swift; sourceTree = "<group>"; };
		AA000000000000000000FR0B /* DashboardView.swift */ = {isa = PBXFileReference; lastKnownFileType = sourcecode.swift; path = DashboardView.swift; sourceTree = "<group>"; };
		AA000000000000000000FR0C /* HeroCardView.swift */ = {isa = PBXFileReference; lastKnownFileType = sourcecode.swift; path = HeroCardView.swift; sourceTree = "<group>"; };
		AA000000000000000000FR0D /* CoreBarsView.swift */ = {isa = PBXFileReference; lastKnownFileType = sourcecode.swift; path = CoreBarsView.swift; sourceTree = "<group>"; };
		AA000000000000000000FR0E /* MemoryBreakdownView.swift */ = {isa = PBXFileReference; lastKnownFileType = sourcecode.swift; path = MemoryBreakdownView.swift; sourceTree = "<group>"; };
		AA000000000000000000FR0F /* ProcessListView.swift */ = {isa = PBXFileReference; lastKnownFileType = sourcecode.swift; path = ProcessListView.swift; sourceTree = "<group>"; };
		AA000000000000000000FR10 /* SparklineView.swift */ = {isa = PBXFileReference; lastKnownFileType = sourcecode.swift; path = SparklineView.swift; sourceTree = "<group>"; };
		AA000000000000000000FR11 /* MenuBarView.swift */ = {isa = PBXFileReference; lastKnownFileType = sourcecode.swift; path = MenuBarView.swift; sourceTree = "<group>"; };
		AA000000000000000000FR12 /* Assets.xcassets */ = {isa = PBXFileReference; lastKnownFileType = folder.assetcatalog; path = Assets.xcassets; sourceTree = "<group>"; };
		AA000000000000000000FR13 /* Tahoe.entitlements */ = {isa = PBXFileReference; lastKnownFileType = text.plist.entitlements; path = Tahoe.entitlements; sourceTree = "<group>"; };
		AA000000000000000000FR14 /* WindowChrome.swift */ = {isa = PBXFileReference; lastKnownFileType = sourcecode.swift; path = WindowChrome.swift; sourceTree = "<group>"; };
		AA000000000000000000FR15 /* SystemInfo.swift */ = {isa = PBXFileReference; lastKnownFileType = sourcecode.swift; path = SystemInfo.swift; sourceTree = "<group>"; };
		AA000000000000000000FR16 /* SettingsView.swift */ = {isa = PBXFileReference; lastKnownFileType = sourcecode.swift; path = SettingsView.swift; sourceTree = "<group>"; };
		AA000000000000000000FR17 /* DiskMonitor.swift */ = {isa = PBXFileReference; lastKnownFileType = sourcecode.swift; path = DiskMonitor.swift; sourceTree = "<group>"; };
		AA000000000000000000FR18 /* SMCMonitor.swift */ = {isa = PBXFileReference; lastKnownFileType = sourcecode.swift; path = SMCMonitor.swift; sourceTree = "<group>"; };
		AA000000000000000000FR19 /* AlertMonitor.swift */ = {isa = PBXFileReference; lastKnownFileType = sourcecode.swift; path = AlertMonitor.swift; sourceTree = "<group>"; };
		AA000000000000000000FR1A /* NetworkDiskView.swift */ = {isa = PBXFileReference; lastKnownFileType = sourcecode.swift; path = NetworkDiskView.swift; sourceTree = "<group>"; };
		AA000000000000000000FR1B /* DetailView.swift */ = {isa = PBXFileReference; lastKnownFileType = sourcecode.swift; path = DetailView.swift; sourceTree = "<group>"; };
		AA000000000000000000FR1C /* AppTheme.swift */ = {isa = PBXFileReference; lastKnownFileType = sourcecode.swift; path = AppTheme.swift; sourceTree = "<group>"; };
		AA000000000000000000FR1D /* GPUBarsView.swift */ = {isa = PBXFileReference; lastKnownFileType = sourcecode.swift; path = GPUBarsView.swift; sourceTree = "<group>"; };
		AA000000000000000000FR1E /* TahoeTooltip.swift */ = {isa = PBXFileReference; lastKnownFileType = sourcecode.swift; path = TahoeTooltip.swift; sourceTree = "<group>"; };
		AA000000000000000000FR1F /* AppUpdater.swift */ = {isa = PBXFileReference; lastKnownFileType = sourcecode.swift; path = AppUpdater.swift; sourceTree = "<group>"; };
/* End PBXFileReference section */

/* Begin PBXFrameworksBuildPhase section */
		AA000000000000000000BP02 /* Frameworks */ = {
			isa = PBXFrameworksBuildPhase;
			buildActionMask = 2147483647;
			files = (
				AA000000000000000000BF1D /* Sparkle in Frameworks */,
			);
			runOnlyForDeploymentPostprocessing = 0;
		};
/* End PBXFrameworksBuildPhase section */

/* Begin PBXGroup section */
		AA000000000000000000GR01 /* Tahoe */ = {
			isa = PBXGroup;
			children = (
				AA000000000000000000GR03 /* App */,
				AA000000000000000000GR04 /* Core */,
				AA000000000000000000GR05 /* UI */,
				AA000000000000000000GR06 /* Design */,
				AA000000000000000000FR12 /* Assets.xcassets */,
				AA000000000000000000FR13 /* Tahoe.entitlements */,
			);
			path = Tahoe;
			sourceTree = "<group>";
		};
		AA000000000000000000GR02 /* Products */ = {
			isa = PBXGroup;
			children = (
				AA000000000000000000FR01 /* Aqua.app */,
			);
			name = Products;
			sourceTree = "<group>";
		};
		AA000000000000000000GR03 /* App */ = {
			isa = PBXGroup;
			children = (
				AA000000000000000000FR02 /* TahoeApp.swift */,
				AA000000000000000000FR1F /* AppUpdater.swift */,
			);
			path = App;
			sourceTree = "<group>";
		};
		AA000000000000000000GR04 /* Core */ = {
			isa = PBXGroup;
			children = (
				AA000000000000000000FR09 /* SystemMonitor.swift */,
				AA000000000000000000FR15 /* SystemInfo.swift */,
				AA000000000000000000FR03 /* CPUMonitor.swift */,
				AA000000000000000000FR17 /* DiskMonitor.swift */,
				AA000000000000000000FR18 /* SMCMonitor.swift */,
				AA000000000000000000FR19 /* AlertMonitor.swift */,
				AA000000000000000000FR04 /* GPUMonitor.swift */,
				AA000000000000000000FR05 /* MemoryMonitor.swift */,
				AA000000000000000000FR06 /* PowerMonitor.swift */,
				AA000000000000000000FR07 /* ProcessMonitor.swift */,
				AA000000000000000000FR08 /* NetworkMonitor.swift */,
			);
			path = Core;
			sourceTree = "<group>";
		};
		AA000000000000000000GR05 /* UI */ = {
			isa = PBXGroup;
			children = (
				AA000000000000000000FR0B /* DashboardView.swift */,
				AA000000000000000000FR0C /* HeroCardView.swift */,
				AA000000000000000000FR0D /* CoreBarsView.swift */,
				AA000000000000000000FR0E /* MemoryBreakdownView.swift */,
				AA000000000000000000FR0F /* ProcessListView.swift */,
				AA000000000000000000FR10 /* SparklineView.swift */,
				AA000000000000000000FR11 /* MenuBarView.swift */,
				AA000000000000000000FR14 /* WindowChrome.swift */,
				AA000000000000000000FR16 /* SettingsView.swift */,
				AA000000000000000000FR1A /* NetworkDiskView.swift */,
				AA000000000000000000FR1B /* DetailView.swift */,
				AA000000000000000000FR1D /* GPUBarsView.swift */,
			);
			path = UI;
			sourceTree = "<group>";
		};
		AA000000000000000000GR06 /* Design */ = {
			isa = PBXGroup;
			children = (
				AA000000000000000000FR0A /* TahoeTokens.swift */,
				AA000000000000000000FR1C /* AppTheme.swift */,
				AA000000000000000000FR1E /* TahoeTooltip.swift */,
			);
			path = Design;
			sourceTree = "<group>";
		};
		AA000000000000000000ROOT = {
			isa = PBXGroup;
			children = (
				AA000000000000000000GR01 /* Tahoe */,
				AA000000000000000000GR02 /* Products */,
			);
			sourceTree = "<group>";
		};
/* End PBXGroup section */

/* Begin PBXNativeTarget section */
		AA000000000000000000TARG /* Aqua */ = {
			isa = PBXNativeTarget;
			buildConfigurationList = AA000000000000000000CL02 /* Build configuration list for PBXNativeTarget "Aqua" */;
			buildPhases = (
				AA000000000000000000BP01 /* Sources */,
				AA000000000000000000BP02 /* Frameworks */,
				AA000000000000000000BP03 /* Resources */,
			);
			buildRules = (
			);
			dependencies = (
			);
			name = Aqua;
			packageProductDependencies = (
				AA000000000000000000PK02 /* Sparkle */,
			);
			productName = Tahoe;
			productReference = AA000000000000000000FR01 /* Aqua.app */;
			productType = "com.apple.product-type.application";
		};
/* End PBXNativeTarget section */

/* Begin PBXProject section */
		AA000000000000000000PROJ /* Project object */ = {
			isa = PBXProject;
			attributes = {
				BuildIndependentTargetsInParallel = 1;
				LastSwiftUpdateCheck = 1600;
				LastUpgradeCheck = 1600;
				TargetAttributes = {
					AA000000000000000000TARG = {
						CreatedOnToolsVersion = 16.0;
					};
				};
			};
			buildConfigurationList = AA000000000000000000CL01 /* Build configuration list for PBXProject "Tahoe" */;
			compatibilityVersion = "Xcode 14.0";
			developmentRegion = en;
			hasScannedForEncodings = 0;
			knownRegions = (
				en,
				Base,
			);
			mainGroup = AA000000000000000000ROOT;
			productRefGroup = AA000000000000000000GR02 /* Products */;
			projectDirPath = "";
			projectRoot = "";
			packageReferences = (
				AA000000000000000000PK01 /* XCRemoteSwiftPackageReference "Sparkle" */,
			);
			targets = (
				AA000000000000000000TARG /* Aqua */,
			);
		};
/* End PBXProject section */

/* Begin PBXResourcesBuildPhase section */
		AA000000000000000000BP03 /* Resources */ = {
			isa = PBXResourcesBuildPhase;
			buildActionMask = 2147483647;
			files = (
				AA000000000000000000BF11 /* Assets.xcassets in Resources */,
			);
			runOnlyForDeploymentPostprocessing = 0;
		};
/* End PBXResourcesBuildPhase section */

/* Begin PBXSourcesBuildPhase section */
		AA000000000000000000BP01 /* Sources */ = {
			isa = PBXSourcesBuildPhase;
			buildActionMask = 2147483647;
			files = (
				AA000000000000000000BF01 /* TahoeApp.swift in Sources */,
				AA000000000000000000BF1E /* AppUpdater.swift in Sources */,
				AA000000000000000000BF02 /* CPUMonitor.swift in Sources */,
				AA000000000000000000BF03 /* GPUMonitor.swift in Sources */,
				AA000000000000000000BF04 /* MemoryMonitor.swift in Sources */,
				AA000000000000000000BF05 /* PowerMonitor.swift in Sources */,
				AA000000000000000000BF06 /* ProcessMonitor.swift in Sources */,
				AA000000000000000000BF07 /* NetworkMonitor.swift in Sources */,
				AA000000000000000000BF08 /* SystemMonitor.swift in Sources */,
				AA000000000000000000BF09 /* TahoeTokens.swift in Sources */,
				AA000000000000000000BF0A /* DashboardView.swift in Sources */,
				AA000000000000000000BF0B /* HeroCardView.swift in Sources */,
				AA000000000000000000BF0C /* CoreBarsView.swift in Sources */,
				AA000000000000000000BF0D /* MemoryBreakdownView.swift in Sources */,
				AA000000000000000000BF0E /* ProcessListView.swift in Sources */,
				AA000000000000000000BF0F /* SparklineView.swift in Sources */,
				AA000000000000000000BF10 /* MenuBarView.swift in Sources */,
				AA000000000000000000BF12 /* WindowChrome.swift in Sources */,
				AA000000000000000000BF13 /* SystemInfo.swift in Sources */,
				AA000000000000000000BF14 /* SettingsView.swift in Sources */,
				AA000000000000000000BF15 /* DiskMonitor.swift in Sources */,
				AA000000000000000000BF16 /* SMCMonitor.swift in Sources */,
				AA000000000000000000BF17 /* AlertMonitor.swift in Sources */,
				AA000000000000000000BF18 /* NetworkDiskView.swift in Sources */,
				AA000000000000000000BF19 /* DetailView.swift in Sources */,
				AA000000000000000000BF1A /* AppTheme.swift in Sources */,
				AA000000000000000000BF1B /* GPUBarsView.swift in Sources */,
				AA000000000000000000BF1C /* TahoeTooltip.swift in Sources */,
			);
			runOnlyForDeploymentPostprocessing = 0;
		};
/* End PBXSourcesBuildPhase section */

/* Begin XCBuildConfiguration section */
		AA000000000000000000BC01 /* Debug */ = {
			isa = XCBuildConfiguration;
			buildSettings = {
				ALWAYS_SEARCH_USER_PATHS = NO;
				ASSETCATALOG_COMPILER_GENERATE_SWIFT_ASSET_SYMBOL_EXTENSIONS = YES;
				CLANG_ANALYZER_NONNULL = YES;
				CLANG_ANALYZER_NUMBER_OBJECT_CONVERSION = YES_AGGRESSIVE;
				CLANG_CXX_LANGUAGE_STANDARD = "gnu++20";
				CLANG_ENABLE_MODULES = YES;
				CLANG_ENABLE_OBJC_ARC = YES;
				CLANG_ENABLE_OBJC_WEAK = YES;
				CLANG_WARN_BLOCK_CAPTURE_AUTORELEASING = YES;
				CLANG_WARN_BOOL_CONVERSION = YES;
				CLANG_WARN_COMMA = YES;
				CLANG_WARN_CONSTANT_CONVERSION = YES;
				CLANG_WARN_DEPRECATED_OBJC_IMPLEMENTATIONS = YES;
				CLANG_WARN_DIRECT_OBJC_ISA_USAGE = YES_ERROR;
				CLANG_WARN_DOCUMENTATION_COMMENTS = YES;
				CLANG_WARN_EMPTY_BODY = YES;
				CLANG_WARN_ENUM_CONVERSION = YES;
				CLANG_WARN_INFINITE_RECURSION = YES;
				CLANG_WARN_INT_CONVERSION = YES;
				CLANG_WARN_NON_LITERAL_NULL_CONVERSION = YES;
				CLANG_WARN_OBJC_IMPLICIT_RETAIN_SELF = YES;
				CLANG_WARN_OBJC_LITERAL_CONVERSION = YES;
				CLANG_WARN_OBJC_ROOT_CLASS = YES_ERROR;
				CLANG_WARN_QUOTED_INCLUDE_IN_FRAMEWORK_HEADER = YES;
				CLANG_WARN_RANGE_LOOP_ANALYSIS = YES;
				CLANG_WARN_STRICT_PROTOTYPES = YES;
				CLANG_WARN_SUSPICIOUS_MOVE = YES;
				CLANG_WARN_UNGUARDED_AVAILABILITY = YES_AGGRESSIVE;
				CLANG_WARN_UNREACHABLE_CODE = YES;
				CLANG_WARN__DUPLICATE_METHOD_MATCH = YES;
				COPY_PHASE_STRIP = NO;
				DEBUG_INFORMATION_FORMAT = dwarf;
				ENABLE_STRICT_OBJC_MSGSEND = YES;
				ENABLE_TESTABILITY = YES;
				ENABLE_USER_SCRIPT_SANDBOXING = YES;
				GCC_C_LANGUAGE_STANDARD = gnu17;
				GCC_DYNAMIC_NO_PIC = NO;
				GCC_NO_COMMON_BLOCKS = YES;
				GCC_OPTIMIZATION_LEVEL = 0;
				GCC_PREPROCESSOR_DEFINITIONS = (
					"DEBUG=1",
					"$(inherited)",
				);
				GCC_WARN_64_TO_32_BIT_CONVERSION = YES;
				GCC_WARN_ABOUT_RETURN_TYPE = YES_ERROR;
				GCC_WARN_UNDECLARED_SELECTOR = YES;
				GCC_WARN_UNINITIALIZED_AUTOS = YES_AGGRESSIVE;
				GCC_WARN_UNUSED_FUNCTION = YES;
				GCC_WARN_UNUSED_VARIABLE = YES;
				MACOSX_DEPLOYMENT_TARGET = 14.0;
				MTL_ENABLE_DEBUG_INFO = INCLUDE_SOURCE;
				MTL_FAST_MATH = YES;
				ONLY_ACTIVE_ARCH = YES;
				SDKROOT = macosx;
				SWIFT_ACTIVE_COMPILATION_CONDITIONS = "DEBUG $(inherited)";
				SWIFT_OPTIMIZATION_LEVEL = "-Onone";
			};
			name = Debug;
		};
		AA000000000000000000BC02 /* Release */ = {
			isa = XCBuildConfiguration;
			buildSettings = {
				ALWAYS_SEARCH_USER_PATHS = NO;
				ASSETCATALOG_COMPILER_GENERATE_SWIFT_ASSET_SYMBOL_EXTENSIONS = YES;
				CLANG_ANALYZER_NONNULL = YES;
				CLANG_ANALYZER_NUMBER_OBJECT_CONVERSION = YES_AGGRESSIVE;
				CLANG_CXX_LANGUAGE_STANDARD = "gnu++20";
				CLANG_ENABLE_MODULES = YES;
				CLANG_ENABLE_OBJC_ARC = YES;
				CLANG_ENABLE_OBJC_WEAK = YES;
				CLANG_WARN_BLOCK_CAPTURE_AUTORELEASING = YES;
				CLANG_WARN_BOOL_CONVERSION = YES;
				CLANG_WARN_COMMA = YES;
				CLANG_WARN_CONSTANT_CONVERSION = YES;
				CLANG_WARN_DEPRECATED_OBJC_IMPLEMENTATIONS = YES;
				CLANG_WARN_DIRECT_OBJC_ISA_USAGE = YES_ERROR;
				CLANG_WARN_DOCUMENTATION_COMMENTS = YES;
				CLANG_WARN_EMPTY_BODY = YES;
				CLANG_WARN_ENUM_CONVERSION = YES;
				CLANG_WARN_INFINITE_RECURSION = YES;
				CLANG_WARN_INT_CONVERSION = YES;
				CLANG_WARN_NON_LITERAL_NULL_CONVERSION = YES;
				CLANG_WARN_OBJC_IMPLICIT_RETAIN_SELF = YES;
				CLANG_WARN_OBJC_LITERAL_CONVERSION = YES;
				CLANG_WARN_OBJC_ROOT_CLASS = YES_ERROR;
				CLANG_WARN_QUOTED_INCLUDE_IN_FRAMEWORK_HEADER = YES;
				CLANG_WARN_RANGE_LOOP_ANALYSIS = YES;
				CLANG_WARN_STRICT_PROTOTYPES = YES;
				CLANG_WARN_SUSPICIOUS_MOVE = YES;
				CLANG_WARN_UNGUARDED_AVAILABILITY = YES_AGGRESSIVE;
				CLANG_WARN_UNREACHABLE_CODE = YES;
				CLANG_WARN__DUPLICATE_METHOD_MATCH = YES;
				COPY_PHASE_STRIP = NO;
				DEBUG_INFORMATION_FORMAT = "dwarf-with-dsym";
				ENABLE_NS_ASSERTIONS = NO;
				ENABLE_STRICT_OBJC_MSGSEND = YES;
				ENABLE_USER_SCRIPT_SANDBOXING = YES;
				GCC_C_LANGUAGE_STANDARD = gnu17;
				GCC_NO_COMMON_BLOCKS = YES;
				GCC_WARN_64_TO_32_BIT_CONVERSION = YES;
				GCC_WARN_ABOUT_RETURN_TYPE = YES_ERROR;
				GCC_WARN_UNDECLARED_SELECTOR = YES;
				GCC_WARN_UNINITIALIZED_AUTOS = YES_AGGRESSIVE;
				GCC_WARN_UNUSED_FUNCTION = YES;
				GCC_WARN_UNUSED_VARIABLE = YES;
				MACOSX_DEPLOYMENT_TARGET = 14.0;
				MTL_FAST_MATH = YES;
				SDKROOT = macosx;
				SWIFT_COMPILATION_MODE = wholemodule;
				SWIFT_OPTIMIZATION_LEVEL = "-O";
			};
			name = Release;
		};
		AA000000000000000000BC03 /* Debug */ = {
			isa = XCBuildConfiguration;
			buildSettings = {
				ASSETCATALOG_COMPILER_APPICON_NAME = AppIcon;
				ASSETCATALOG_COMPILER_GLOBAL_ACCENT_COLOR_NAME = AccentColor;
				CODE_SIGN_ENTITLEMENTS = Tahoe/Tahoe.entitlements;
				"CODE_SIGN_IDENTITY[sdk=macosx*]" = "Apple Development";
				CODE_SIGN_STYLE = Automatic;
				COMBINE_HIDPI_IMAGES = YES;
				CURRENT_PROJECT_VERSION = 5;
				DEVELOPMENT_TEAM = 4V28UB843Z;
				ENABLE_HARDENED_RUNTIME = YES;
				GENERATE_INFOPLIST_FILE = YES;
				INFOPLIST_KEY_CFBundleDisplayName = Aqua;
				INFOPLIST_KEY_LSApplicationCategoryType = "public.app-category.utilities";
				INFOPLIST_KEY_NSHumanReadableCopyright = "";
				INFOPLIST_KEY_NSPrincipalClass = NSApplication;
				INFOPLIST_KEY_SUEnableInstallerLauncherService = YES;
				INFOPLIST_KEY_SUFeedURL = "https://baileykiehl.com/Aqua/appcast.xml";
				INFOPLIST_KEY_SUPublicEDKey = "cSefTWZWrIo+umMR+wygB4EDV3BOSt2zwVlmun/R/zM=";
				LD_RUNPATH_SEARCH_PATHS = (
					"$(inherited)",
					"@executable_path/../Frameworks",
				);
				MACOSX_DEPLOYMENT_TARGET = 14.0;
				MARKETING_VERSION = 0.0.6;
				PRODUCT_BUNDLE_IDENTIFIER = com.baileykiehl.Aqua;
				PRODUCT_NAME = Aqua;
				SWIFT_EMIT_LOC_STRINGS = YES;
				SWIFT_VERSION = 5.9;
			};
			name = Debug;
		};
		AA000000000000000000BC04 /* Release */ = {
			isa = XCBuildConfiguration;
			buildSettings = {
				ASSETCATALOG_COMPILER_APPICON_NAME = AppIcon;
				ASSETCATALOG_COMPILER_GLOBAL_ACCENT_COLOR_NAME = AccentColor;
				CODE_SIGN_ENTITLEMENTS = Tahoe/Tahoe.entitlements;
				"CODE_SIGN_IDENTITY[sdk=macosx*]" = "Apple Development";
				CODE_SIGN_STYLE = Automatic;
				COMBINE_HIDPI_IMAGES = YES;
				CURRENT_PROJECT_VERSION = 5;
				DEVELOPMENT_TEAM = 4V28UB843Z;
				ENABLE_HARDENED_RUNTIME = YES;
				GENERATE_INFOPLIST_FILE = YES;
				INFOPLIST_KEY_CFBundleDisplayName = Aqua;
				INFOPLIST_KEY_LSApplicationCategoryType = "public.app-category.utilities";
				INFOPLIST_KEY_NSHumanReadableCopyright = "";
				INFOPLIST_KEY_NSPrincipalClass = NSApplication;
				INFOPLIST_KEY_SUEnableInstallerLauncherService = YES;
				INFOPLIST_KEY_SUFeedURL = "https://baileykiehl.com/Aqua/appcast.xml";
				INFOPLIST_KEY_SUPublicEDKey = "cSefTWZWrIo+umMR+wygB4EDV3BOSt2zwVlmun/R/zM=";
				LD_RUNPATH_SEARCH_PATHS = (
					"$(inherited)",
					"@executable_path/../Frameworks",
				);
				MACOSX_DEPLOYMENT_TARGET = 14.0;
				MARKETING_VERSION = 0.0.6;
				PRODUCT_BUNDLE_IDENTIFIER = com.baileykiehl.Aqua;
				PRODUCT_NAME = Aqua;
				SWIFT_EMIT_LOC_STRINGS = YES;
				SWIFT_VERSION = 5.9;
			};
			name = Release;
		};
/* End XCBuildConfiguration section */

/* Begin XCConfigurationList section */
		AA000000000000000000CL01 /* Build configuration list for PBXProject "Tahoe" */ = {
			isa = XCConfigurationList;
			buildConfigurations = (
				AA000000000000000000BC01 /* Debug */,
				AA000000000000000000BC02 /* Release */,
			);
			defaultConfigurationIsVisible = 0;
			defaultConfigurationName = Release;
		};
		AA000000000000000000CL02 /* Build configuration list for PBXNativeTarget "Aqua" */ = {
			isa = XCConfigurationList;
			buildConfigurations = (
				AA000000000000000000BC03 /* Debug */,
				AA000000000000000000BC04 /* Release */,
			);
			defaultConfigurationIsVisible = 0;
			defaultConfigurationName = Release;
		};
/* End XCConfigurationList section */

/* Begin XCRemoteSwiftPackageReference section */
		AA000000000000000000PK01 /* XCRemoteSwiftPackageReference "Sparkle" */ = {
			isa = XCRemoteSwiftPackageReference;
			repositoryURL = "https://github.com/sparkle-project/Sparkle";
			requirement = {
				kind = upToNextMajorVersion;
				minimumVersion = 2.7.1;
			};
		};
/* End XCRemoteSwiftPackageReference section */

/* Begin XCSwiftPackageProductDependency section */
		AA000000000000000000PK02 /* Sparkle */ = {
			isa = XCSwiftPackageProductDependency;
			package = AA000000000000000000PK01 /* XCRemoteSwiftPackageReference "Sparkle" */;
			productName = Sparkle;
		};
/* End XCSwiftPackageProductDependency section */
	};
	rootObject = AA000000000000000000PROJ /* Project object */;
}
